
Microsoft Visual Studio Solution File, Format Version 12.00
# Visual Studio Version 17
VisualStudioVersion = 17.7.34221.43
MinimumVisualStudioVersion = 10.0.40219.1
Project("{FAE04EC0-301F-11D3-BF4B-00C04F79EFBC}") = "Side_Scrolling_Game_MOO_ICT", "Side_Scrolling_Game_MOO_ICT.csproj", "{F6D18DA3-3596-4B39-A7F9-0C33ED39466B}"
EndProject
Global
	GlobalSection(SolutionConfigurationPlatforms) = preSolution
		Debug|Any CPU = Debug|Any CPU
		Release|Any CPU = Release|Any CPU
	EndGlobalSection
	GlobalSection(ProjectConfigurationPlatforms) = postSolution
		{F6D18DA3-3596-4B39-A7F9-0C33ED39466B}.Debug|Any CPU.ActiveCfg = Debug|Any CPU
		{F6D18DA3-3596-4B39-A7F9-0C33ED39466B}.Debug|Any CPU.Build.0 = Debug|Any CPU
		{F6D18DA3-3596-4B39-A7F9-0C33ED39466B}.Release|Any CPU.ActiveCfg = Release|Any CPU
		{F6D18DA3-3596-4B39-A7F9-0C33ED39466B}.Release|Any CPU.Build.0 = Release|Any CPU
	EndGlobalSection
	GlobalSection(SolutionProperties) = preSolution
		HideSolutionNode = FALSE
	EndGlobalSection
	GlobalSection(ExtensibilityGlobals) = postSolution
		SolutionGuid = {05D6A041-20B5-4561-8035-A3358ECB3BD1}
	EndGlobalSection
EndGlobal
